
Microsoft Visual Studio Solution File, Format Version 12.00
# Visual Studio Version 17
VisualStudioVersion = 17.8.34511.84
MinimumVisualStudioVersion = 10.0.40219.1
Project("{FAE04EC0-301F-11D3-BF4B-00C04F79EFBC}") = "Realtime", "Realtime\Realtime.csproj", "{7D851103-0336-495F-A0FF-2056C2DAF486}"
EndProject
Global
	GlobalSection(SolutionConfigurationPlatforms) = preSolution
		Debug|Any CPU = Debug|Any CPU
		Release|Any CPU = Release|Any CPU
	EndGlobalSection
	GlobalSection(ProjectConfigurationPlatforms) = postSolution
		{7D851103-0336-495F-A0FF-2056C2DAF486}.Debug|Any CPU.ActiveCfg = Debug|Any CPU
		{7D851103-0336-495F-A0FF-2056C2DAF486}.Debug|Any CPU.Build.0 = Debug|Any CPU
		{7D851103-0336-495F-A0FF-2056C2DAF486}.Release|Any CPU.ActiveCfg = Release|Any CPU
		{7D851103-0336-495F-A0FF-2056C2DAF486}.Release|Any CPU.Build.0 = Release|Any CPU
	EndGlobalSection
	GlobalSection(SolutionProperties) = preSolution
		HideSolutionNode = FALSE
	EndGlobalSection
	GlobalSection(ExtensibilityGlobals) = postSolution
		SolutionGuid = {7363DBBC-F2C4-40EF-9DB8-4B4BDE673AA5}
	EndGlobalSection
EndGlobal
